
Microsoft Visual Studio Solution File, Format Version 12.00
# Visual Studio Version 17
VisualStudioVersion = 17.1.32414.318
MinimumVisualStudioVersion = 10.0.40219.1
Project("{2150E333-8FDC-42A3-9474-1A3956D46DE8}") = "_app", "_app", "{98417065-0354-4BD2-8BE2-D124A56DB73F}"
EndProject
Project("{2150E333-8FDC-42A3-9474-1A3956D46DE8}") = "Generators", "Generators", "{E8F6D7B7-EFE5-4D6F-9B94-992A44280C2C}"
EndProject
Project("{9A19103F-16F7-4668-BE54-9A1E7A4F7556}") = "DramaDice.Generators", "DramaDice.Generators\DramaDice.Generators.csproj", "{9FB7300B-B543-4261-AD60-052E5B50BF12}"
EndProject
Project("{2150E333-8FDC-42A3-9474-1A3956D46DE8}") = "Models", "Models", "{5EE78B4F-FC5F-4703-8C52-3DF1FED46650}"
EndProject
Project("{9A19103F-16F7-4668-BE54-9A1E7A4F7556}") = "DramaDice.Models", "DramaDice.Models\DramaDice.Models.csproj", "{A88B7612-33F6-421A-8F3C-9D9D87B3A980}"
EndProject
Project("{9A19103F-16F7-4668-BE54-9A1E7A4F7556}") = "DramaDice.Test", "DramaDice.Test\DramaDice.Test.csproj", "{B903675E-704F-4207-81C6-F161F1B8D5A3}"
EndProject
Global
	GlobalSection(SolutionConfigurationPlatforms) = preSolution
		Debug|Any CPU = Debug|Any CPU
		Release|Any CPU = Release|Any CPU
	EndGlobalSection
	GlobalSection(ProjectConfigurationPlatforms) = postSolution
		{9FB7300B-B543-4261-AD60-052E5B50BF12}.Debug|Any CPU.ActiveCfg = Debug|Any CPU
		{9FB7300B-B543-4261-AD60-052E5B50BF12}.Debug|Any CPU.Build.0 = Debug|Any CPU
		{9FB7300B-B543-4261-AD60-052E5B50BF12}.Release|Any CPU.ActiveCfg = Release|Any CPU
		{9FB7300B-B543-4261-AD60-052E5B50BF12}.Release|Any CPU.Build.0 = Release|Any CPU
		{A88B7612-33F6-421A-8F3C-9D9D87B3A980}.Debug|Any CPU.ActiveCfg = Debug|Any CPU
		{A88B7612-33F6-421A-8F3C-9D9D87B3A980}.Debug|Any CPU.Build.0 = Debug|Any CPU
		{A88B7612-33F6-421A-8F3C-9D9D87B3A980}.Release|Any CPU.ActiveCfg = Release|Any CPU
		{A88B7612-33F6-421A-8F3C-9D9D87B3A980}.Release|Any CPU.Build.0 = Release|Any CPU
		{B903675E-704F-4207-81C6-F161F1B8D5A3}.Debug|Any CPU.ActiveCfg = Debug|Any CPU
		{B903675E-704F-4207-81C6-F161F1B8D5A3}.Debug|Any CPU.Build.0 = Debug|Any CPU
		{B903675E-704F-4207-81C6-F161F1B8D5A3}.Release|Any CPU.ActiveCfg = Release|Any CPU
		{B903675E-704F-4207-81C6-F161F1B8D5A3}.Release|Any CPU.Build.0 = Release|Any CPU
	EndGlobalSection
	GlobalSection(SolutionProperties) = preSolution
		HideSolutionNode = FALSE
	EndGlobalSection
	GlobalSection(NestedProjects) = preSolution
		{9FB7300B-B543-4261-AD60-052E5B50BF12} = {E8F6D7B7-EFE5-4D6F-9B94-992A44280C2C}
		{A88B7612-33F6-421A-8F3C-9D9D87B3A980} = {5EE78B4F-FC5F-4703-8C52-3DF1FED46650}
		{B903675E-704F-4207-81C6-F161F1B8D5A3} = {98417065-0354-4BD2-8BE2-D124A56DB73F}
	EndGlobalSection
	GlobalSection(ExtensibilityGlobals) = postSolution
		SolutionGuid = {AF0C69FF-480F-45DB-9E9A-4BACFDB4464C}
	EndGlobalSection
EndGlobal
